
Microsoft Visual Studio Solution File, Format Version 12.00
# Visual Studio Version 16
VisualStudioVersion = 16.0.30330.147
MinimumVisualStudioVersion = 10.0.40219.1
Project("{9A19103F-16F7-4668-BE54-9A1E7A4F7556}") = "AmzCrawler.App", "AmzCrawler.App\AmzCrawler.App.csproj", "{6CEE5E9D-8AE8-4F89-9B87-6266FE45B747}"
EndProject
Project("{FAE04EC0-301F-11D3-BF4B-00C04F79EFBC}") = "AmzCrawler.App.TaskEngine", "AmzCrawler.App.TaskEngine\AmzCrawler.App.TaskEngine.csproj", "{B9A7235F-05E4-4D2C-8079-D19C1843B1DB}"
EndProject
Project("{9A19103F-16F7-4668-BE54-9A1E7A4F7556}") = "AmzCrawler.App.Services", "AmzCrawler.App.Services\AmzCrawler.App.Services.csproj", "{7193A82E-6747-4F99-B965-65D5A7A78414}"
EndProject
Global
	GlobalSection(SolutionConfigurationPlatforms) = preSolution
		Debug|Any CPU = Debug|Any CPU
		Release|Any CPU = Release|Any CPU
	EndGlobalSection
	GlobalSection(ProjectConfigurationPlatforms) = postSolution
		{6CEE5E9D-8AE8-4F89-9B87-6266FE45B747}.Debug|Any CPU.ActiveCfg = Debug|Any CPU
		{6CEE5E9D-8AE8-4F89-9B87-6266FE45B747}.Debug|Any CPU.Build.0 = Debug|Any CPU
		{6CEE5E9D-8AE8-4F89-9B87-6266FE45B747}.Release|Any CPU.ActiveCfg = Release|Any CPU
		{6CEE5E9D-8AE8-4F89-9B87-6266FE45B747}.Release|Any CPU.Build.0 = Release|Any CPU
		{B9A7235F-05E4-4D2C-8079-D19C1843B1DB}.Debug|Any CPU.ActiveCfg = Debug|Any CPU
		{B9A7235F-05E4-4D2C-8079-D19C1843B1DB}.Debug|Any CPU.Build.0 = Debug|Any CPU
		{B9A7235F-05E4-4D2C-8079-D19C1843B1DB}.Release|Any CPU.ActiveCfg = Release|Any CPU
		{B9A7235F-05E4-4D2C-8079-D19C1843B1DB}.Release|Any CPU.Build.0 = Release|Any CPU
		{7193A82E-6747-4F99-B965-65D5A7A78414}.Debug|Any CPU.ActiveCfg = Debug|Any CPU
		{7193A82E-6747-4F99-B965-65D5A7A78414}.Debug|Any CPU.Build.0 = Debug|Any CPU
		{7193A82E-6747-4F99-B965-65D5A7A78414}.Release|Any CPU.ActiveCfg = Release|Any CPU
		{7193A82E-6747-4F99-B965-65D5A7A78414}.Release|Any CPU.Build.0 = Release|Any CPU
	EndGlobalSection
	GlobalSection(SolutionProperties) = preSolution
		HideSolutionNode = FALSE
	EndGlobalSection
	GlobalSection(ExtensibilityGlobals) = postSolution
		SolutionGuid = {DC0DF826-014D-4921-9190-352AE47C1587}
	EndGlobalSection
EndGlobal
